
Microsoft Visual Studio Solution File, Format Version 12.00
# Visual Studio 15
VisualStudioVersion = 15.0.26430.6
MinimumVisualStudioVersion = 10.0.40219.1
Project("{FAE04EC0-301F-11D3-BF4B-00C04F79EFBC}") = "MTD.CouchBot.Bot", "MTD.CouchBot.Bot\MTD.CouchBot.Bot.csproj", "{4D40575D-45E9-44F9-BB29-1EB9044F1F35}"
EndProject
Project("{FAE04EC0-301F-11D3-BF4B-00C04F79EFBC}") = "MTD.CouchBot.Domain", "MTD.CouchBot.Domain\MTD.CouchBot.Domain.csproj", "{E4273630-4214-4C29-8B9A-F244C3DE9726}"
EndProject
Project("{FAE04EC0-301F-11D3-BF4B-00C04F79EFBC}") = "MTD.CouchBot.Data.EF", "MTD.CouchBot.Data.EF\MTD.CouchBot.Data.EF.csproj", "{A88D8C13-9B7C-4EA4-9637-7C2A0B2A9D14}"
EndProject
Project("{FAE04EC0-301F-11D3-BF4B-00C04F79EFBC}") = "MTD.CouchBot.Dals", "MTD.CouchBot.Dals\MTD.CouchBot.Dals.csproj", "{B07EF955-B664-4EAA-9B74-92408C55596C}"
EndProject
Project("{FAE04EC0-301F-11D3-BF4B-00C04F79EFBC}") = "MTD.CouchBot.Managers", "MTD.CouchBot.Managers\MTD.CouchBot.Managers.csproj", "{538036D7-3B18-4D34-8F90-8F35275067B1}"
EndProject
Project("{00D1A9C2-B5F0-4AF3-8072-F6C62B433612}") = "MTD.CouchBot.Data", "MTD.CouchBot.Data\MTD.CouchBot.Data.sqlproj", "{3B9F6E7A-4340-4F9C-84CF-335B8BBE55F5}"
EndProject
Global
	GlobalSection(SolutionConfigurationPlatforms) = preSolution
		Debug|Any CPU = Debug|Any CPU
		Release|Any CPU = Release|Any CPU
	EndGlobalSection
	GlobalSection(ProjectConfigurationPlatforms) = postSolution
		{4D40575D-45E9-44F9-BB29-1EB9044F1F35}.Debug|Any CPU.ActiveCfg = Debug|Any CPU
		{4D40575D-45E9-44F9-BB29-1EB9044F1F35}.Debug|Any CPU.Build.0 = Debug|Any CPU
		{4D40575D-45E9-44F9-BB29-1EB9044F1F35}.Release|Any CPU.ActiveCfg = Release|Any CPU
		{4D40575D-45E9-44F9-BB29-1EB9044F1F35}.Release|Any CPU.Build.0 = Release|Any CPU
		{E4273630-4214-4C29-8B9A-F244C3DE9726}.Debug|Any CPU.ActiveCfg = Debug|Any CPU
		{E4273630-4214-4C29-8B9A-F244C3DE9726}.Debug|Any CPU.Build.0 = Debug|Any CPU
		{E4273630-4214-4C29-8B9A-F244C3DE9726}.Release|Any CPU.ActiveCfg = Release|Any CPU
		{E4273630-4214-4C29-8B9A-F244C3DE9726}.Release|Any CPU.Build.0 = Release|Any CPU
		{A88D8C13-9B7C-4EA4-9637-7C2A0B2A9D14}.Debug|Any CPU.ActiveCfg = Debug|Any CPU
		{A88D8C13-9B7C-4EA4-9637-7C2A0B2A9D14}.Debug|Any CPU.Build.0 = Debug|Any CPU
		{A88D8C13-9B7C-4EA4-9637-7C2A0B2A9D14}.Release|Any CPU.ActiveCfg = Release|Any CPU
		{A88D8C13-9B7C-4EA4-9637-7C2A0B2A9D14}.Release|Any CPU.Build.0 = Release|Any CPU
		{B07EF955-B664-4EAA-9B74-92408C55596C}.Debug|Any CPU.ActiveCfg = Debug|Any CPU
		{B07EF955-B664-4EAA-9B74-92408C55596C}.Debug|Any CPU.Build.0 = Debug|Any CPU
		{B07EF955-B664-4EAA-9B74-92408C55596C}.Release|Any CPU.ActiveCfg = Release|Any CPU
		{B07EF955-B664-4EAA-9B74-92408C55596C}.Release|Any CPU.Build.0 = Release|Any CPU
		{538036D7-3B18-4D34-8F90-8F35275067B1}.Debug|Any CPU.ActiveCfg = Debug|Any CPU
		{538036D7-3B18-4D34-8F90-8F35275067B1}.Debug|Any CPU.Build.0 = Debug|Any CPU
		{538036D7-3B18-4D34-8F90-8F35275067B1}.Release|Any CPU.ActiveCfg = Release|Any CPU
		{538036D7-3B18-4D34-8F90-8F35275067B1}.Release|Any CPU.Build.0 = Release|Any CPU
		{3B9F6E7A-4340-4F9C-84CF-335B8BBE55F5}.Debug|Any CPU.ActiveCfg = Debug|Any CPU
		{3B9F6E7A-4340-4F9C-84CF-335B8BBE55F5}.Debug|Any CPU.Build.0 = Debug|Any CPU
		{3B9F6E7A-4340-4F9C-84CF-335B8BBE55F5}.Debug|Any CPU.Deploy.0 = Debug|Any CPU
		{3B9F6E7A-4340-4F9C-84CF-335B8BBE55F5}.Release|Any CPU.ActiveCfg = Release|Any CPU
		{3B9F6E7A-4340-4F9C-84CF-335B8BBE55F5}.Release|Any CPU.Build.0 = Release|Any CPU
		{3B9F6E7A-4340-4F9C-84CF-335B8BBE55F5}.Release|Any CPU.Deploy.0 = Release|Any CPU
	EndGlobalSection
	GlobalSection(SolutionProperties) = preSolution
		HideSolutionNode = FALSE
	EndGlobalSection
EndGlobal
